{
  "nodes": {
    "nixpkgs": {
      "locked": {
        "lastModified": 1749761307,
        "narHash": "sha256-SLK974mYT0rv7TWin6WLAPFplG+tNsjbsWBzT3ObtUs=",
        "owner": "NixOS",
        "repo": "nixpkgs",
        "rev": "4956400a2222603ab2cd614fc5d64204c595de57",
        "type": "github"
      },
      "original": {
        "owner": "NixOS",
        "repo": "nixpkgs",
        "rev": "4956400a2222603ab2cd614fc5d64204c595de57",
        "type": "github"
      }
    },
    "root": {
      "inputs": {
        "nixpkgs": "nixpkgs"
      }
    }
  },
  "root": "root",
  "version": 7
}
